
Microsoft Visual Studio Solution File, Format Version 12.00
# Visual Studio Version 17
VisualStudioVersion = 17.5.33516.290
MinimumVisualStudioVersion = 10.0.40219.1
Project("{FAE04EC0-301F-11D3-BF4B-00C04F79EFBC}") = "TicketManager", "TicketManager.csproj", "{A7FF01D5-A064-423B-A100-568C45D86537}"
EndProject
Global
	GlobalSection(SolutionConfigurationPlatforms) = preSolution
		Debug|Any CPU = Debug|Any CPU
		Release|Any CPU = Release|Any CPU
	EndGlobalSection
	GlobalSection(ProjectConfigurationPlatforms) = postSolution
		{A7FF01D5-A064-423B-A100-568C45D86537}.Debug|Any CPU.ActiveCfg = Debug|Any CPU
		{A7FF01D5-A064-423B-A100-568C45D86537}.Debug|Any CPU.Build.0 = Debug|Any CPU
		{A7FF01D5-A064-423B-A100-568C45D86537}.Release|Any CPU.ActiveCfg = Release|Any CPU
		{A7FF01D5-A064-423B-A100-568C45D86537}.Release|Any CPU.Build.0 = Release|Any CPU
	EndGlobalSection
	GlobalSection(SolutionProperties) = preSolution
		HideSolutionNode = FALSE
	EndGlobalSection
	GlobalSection(ExtensibilityGlobals) = postSolution
		SolutionGuid = {6073C7C0-E3AC-45B0-87D2-560F36E7316B}
	EndGlobalSection
EndGlobal
